{
  "version": 4,
  "terraform_version": "1.7.2",
  "serial": 15,
  "lineage": "5d72472e-b92c-2ae7-9eeb-4c995c37b30a",
  "outputs": {},
  "resources": [
    {
      "mode": "data",
      "type": "external",
      "name": "tmos_public_image",
      "provider": "provider[\"registry.terraform.io/hashicorp/external\"]",
      "instances": [
        {
          "index_key": 0,
          "schema_version": 0,
          "attributes": {
            "id": "-",
            "program": [
              "python3",
              "./bigip_image_selector.py"
            ],
            "query": {
              "region": "br-sao",
              "type": "all",
              "version_prefix": "bigip-16-1"
            },
            "result": {
              "image_id": "r042-1a86702d-05ee-400a-a611-433b40b8cba5",
              "image_name": "bigip-16-1-4-2-0-0-3-all-1slot-021424001-br-sao",
              "image_sql_url": "cos://br-sao/f5-adc-bigip-16.1.4.2-0.0.3.all-1slot-021424001-br-sao/BIGIP-16.1.4.2-0.0.3.ALL_1SLOT-021424001.qcow2",
              "region": "br-sao",
              "type": "all",
              "version_prefix": "bigip-16-1"
            },
            "working_dir": null
          },
          "sensitive_attributes": []
        }
      ]
    },
    {
      "mode": "data",
      "type": "ibm_is_instance_profile",
      "name": "instance_profile",
      "provider": "provider[\"registry.terraform.io/ibm-cloud/ibm\"]",
      "instances": [
        {
          "schema_version": 0,
          "attributes": {
            "architecture": "amd64",
            "architecture_type": "enum",
            "architecture_values": [
              "amd64"
            ],
            "bandwidth": [
              {
                "default": 0,
                "max": 0,
                "min": 0,
                "step": 0,
                "type": "fixed",
                "value": 8000,
                "values": []
              }
            ],
            "disks": null,
            "family": "compute",
            "gpu_count": null,
            "gpu_manufacturer": null,
            "gpu_memory": null,
            "gpu_model": null,
            "href": "https://br-sao.iaas.cloud.ibm.com/v1/instance/profiles/cx2-4x8",
            "id": "cx2-4x8",
            "memory": [
              {
                "default": 0,
                "max": 0,
                "min": 0,
                "step": 0,
                "type": "fixed",
                "value": 8,
                "values": []
              }
            ],
            "name": "cx2-4x8",
            "network_attachment_count": [
              {
                "max": 5,
                "min": 1,
                "type": "range"
              }
            ],
            "network_interface_count": [
              {
                "max": 5,
                "min": 1,
                "type": "range"
              }
            ],
            "numa_count": [
              {
                "type": "dependent",
                "value": 0
              }
            ],
            "port_speed": [
              {
                "type": "fixed",
                "value": 25000
              }
            ],
            "reservation_terms": [
              {
                "type": "enum",
                "values": [
                  "one_year",
                  "three_year"
                ]
              }
            ],
            "status": "current",
            "total_volume_bandwidth": [
              {
                "default": 2000,
                "max": 7500,
                "min": 500,
                "step": 1,
                "type": "range",
                "value": 0,
                "values": []
              }
            ],
            "vcpu_architecture": [
              {
                "default": "",
                "type": "fixed",
                "value": "amd64"
              }
            ],
            "vcpu_count": [
              {
                "default": 0,
                "max": 0,
                "min": 0,
                "step": 0,
                "type": "fixed",
                "value": 4,
                "values": []
              }
            ],
            "vcpu_manufacturer": [
              {
                "default": "",
                "type": "fixed",
                "value": "intel"
              }
            ]
          },
          "sensitive_attributes": []
        }
      ]
    },
    {
      "mode": "data",
      "type": "ibm_is_ssh_key",
      "name": "ssh_pub_key",
      "provider": "provider[\"registry.terraform.io/ibm-cloud/ibm\"]",
      "instances": [
        {
          "schema_version": 0,
          "attributes": {
            "access_tags": [],
            "crn": "crn:v1:bluemix:public:is:br-sao:a/dd38434108cf46bfa9849bbaa8c80aac::key:r042-c87f17a2-3780-4511-aa1f-4a60cfa6ca67",
            "fingerprint": "SHA256:M7rzPGYNmYX+vceeNuuhZ7ucy1t+J7arola+QZW+cIs",
            "id": "r042-c87f17a2-3780-4511-aa1f-4a60cfa6ca67",
            "length": 4096,
            "name": "magal01",
            "public_key": "ssh-rsa AAAAB3NzaC1yc2EAAAADAQABAAACAQDDX2uHwdAdYv6MMsDHGqmX2j8K5z2a3A3bbeUCjQbaci8jOqwXQlhQNSMUVvIO0/S9YjlmWn8g+9ZTj8xsfcIMUEbvZZtovwWIz6s9sC1VPsWfIqr/Jte4xgpYGor9IjnV8bYqnTlajjaMSZbjnLyf7/VkDjbzOtDt+uOnxBaH/SXMknoPnkNrj5TxCYrK6JrLyfPeGnwHWHKwcKgVSwrdrnXV0jw7MMjeRlqi2XGCrKC1PhrcrPtRdzQ+0SFY1vAYZCQ8TocwSwCM52i2JTDCqU//tN1bJxsvXkFV30bt1mRJ0NOaWKf7UqtpOZT9wt25qxjoLvVQq/bVSvaOUs1v3McnKyQYAWxSLjf3ZO8tpqC1PnzknDy/udWsysaUh76VlIKyxodmvrT1k5z4i5EAmFjsUSDhOB7xLm9ciMb+Tm0JcqqIFxqEG1qIdJhDjoNImeJmQUgCRvmVn4chrQMeCT+sw8eFAChO2Ur41RNeFt/U48kLcYchFD8n6MPyfysjXCLbI7ARy51wXxz1nXTERORTr5xFfIEW+/Rh0iprV5dV59+SfmF0jlvGDi1HpqFcWN0UhVtSP2Ddchq5yaUE6uBuCsDwCK3s5J/aTFeBEEMCQ0IJpX3htUdItXyGer4e2uoHfv700LWqQG/ZLvSFrwK//2yeEipgG6VYm1jG7w== rsmagal@mbp-de-rodrigo.br.ibm.com",
            "resource_controller_url": "https://cloud.ibm.com/vpc/compute/sshKeys",
            "resource_crn": "crn:v1:bluemix:public:is:br-sao:a/dd38434108cf46bfa9849bbaa8c80aac::key:r042-c87f17a2-3780-4511-aa1f-4a60cfa6ca67",
            "resource_group": null,
            "resource_group_name": "0fd056635d9a40a5813cd0713860a89d",
            "resource_name": "magal01",
            "tags": [],
            "type": "rsa"
          },
          "sensitive_attributes": [
            [
              {
                "type": "get_attr",
                "value": "name"
              }
            ]
          ]
        }
      ]
    },
    {
      "mode": "data",
      "type": "ibm_is_subnet",
      "name": "default_route_subnet",
      "provider": "provider[\"registry.terraform.io/ibm-cloud/ibm\"]",
      "instances": [
        {
          "schema_version": 0,
          "attributes": {
            "access_tags": [],
            "available_ipv4_address_count": 4,
            "crn": "crn:v1:bluemix:public:is:br-sao-1:a/dd38434108cf46bfa9849bbaa8c80aac::subnet:02t7-ddffa7cb-40d8-4a70-9075-0005851b92af",
            "id": "02t7-ddffa7cb-40d8-4a70-9075-0005851b92af",
            "identifier": "02t7-ddffa7cb-40d8-4a70-9075-0005851b92af",
            "ipv4_cidr_block": "172.21.196.0/27",
            "name": "vpc-subnet-br-sao-dc1-ti-nprod-sbnt",
            "network_acl": "r042-843a22d9-2b16-4dbe-85d1-d8420bf4ab5f",
            "public_gateway": "",
            "resource_controller_url": "https://cloud.ibm.com/vpc-ext/network/subnets",
            "resource_crn": "crn:v1:bluemix:public:is:br-sao-1:a/dd38434108cf46bfa9849bbaa8c80aac::subnet:02t7-ddffa7cb-40d8-4a70-9075-0005851b92af",
            "resource_group": "c614fb3fa03847269c5319ac3a197e04",
            "resource_group_name": "RG-Tadeu",
            "resource_name": "vpc-subnet-br-sao-dc1-ti-nprod-sbnt",
            "resource_status": "available",
            "routing_table": [
              {
                "deleted": [],
                "href": "https://br-sao.iaas.cloud.ibm.com/v1/vpcs/r042-37c7456f-c95c-4d85-bcc1-1b4ca25c1efb/routing_tables/r042-7d62034e-4ed2-4635-a53c-851e6db03b15",
                "id": "r042-7d62034e-4ed2-4635-a53c-851e6db03b15",
                "name": "routing-table-br-sao-1-corp-ti-nprod-sbnt",
                "resource_type": "routing_table"
              }
            ],
            "status": "available",
            "tags": [
              "magal"
            ],
            "total_ipv4_address_count": 32,
            "vpc": "r042-37c7456f-c95c-4d85-bcc1-1b4ca25c1efb",
            "vpc_name": "vpc-bradesco-corp-ti",
            "zone": "br-sao-1"
          },
          "sensitive_attributes": []
        }
      ]
    },
    {
      "mode": "data",
      "type": "ibm_is_subnet",
      "name": "f5_external_subnet",
      "provider": "provider[\"registry.terraform.io/ibm-cloud/ibm\"]",
      "instances": [
        {
          "schema_version": 0,
          "attributes": {
            "access_tags": [],
            "available_ipv4_address_count": 4,
            "crn": "crn:v1:bluemix:public:is:br-sao-1:a/dd38434108cf46bfa9849bbaa8c80aac::subnet:02t7-ddffa7cb-40d8-4a70-9075-0005851b92af",
            "id": "02t7-ddffa7cb-40d8-4a70-9075-0005851b92af",
            "identifier": "02t7-ddffa7cb-40d8-4a70-9075-0005851b92af",
            "ipv4_cidr_block": "172.21.196.0/27",
            "name": "vpc-subnet-br-sao-dc1-ti-nprod-sbnt",
            "network_acl": "r042-843a22d9-2b16-4dbe-85d1-d8420bf4ab5f",
            "public_gateway": "",
            "resource_controller_url": "https://cloud.ibm.com/vpc-ext/network/subnets",
            "resource_crn": "crn:v1:bluemix:public:is:br-sao-1:a/dd38434108cf46bfa9849bbaa8c80aac::subnet:02t7-ddffa7cb-40d8-4a70-9075-0005851b92af",
            "resource_group": "c614fb3fa03847269c5319ac3a197e04",
            "resource_group_name": "RG-Tadeu",
            "resource_name": "vpc-subnet-br-sao-dc1-ti-nprod-sbnt",
            "resource_status": "available",
            "routing_table": [
              {
                "deleted": [],
                "href": "https://br-sao.iaas.cloud.ibm.com/v1/vpcs/r042-37c7456f-c95c-4d85-bcc1-1b4ca25c1efb/routing_tables/r042-7d62034e-4ed2-4635-a53c-851e6db03b15",
                "id": "r042-7d62034e-4ed2-4635-a53c-851e6db03b15",
                "name": "routing-table-br-sao-1-corp-ti-nprod-sbnt",
                "resource_type": "routing_table"
              }
            ],
            "status": "available",
            "tags": [
              "magal"
            ],
            "total_ipv4_address_count": 32,
            "vpc": "r042-37c7456f-c95c-4d85-bcc1-1b4ca25c1efb",
            "vpc_name": "vpc-bradesco-corp-ti",
            "zone": "br-sao-1"
          },
          "sensitive_attributes": []
        }
      ]
    },
    {
      "mode": "data",
      "type": "ibm_is_subnet",
      "name": "f5_management_subnet",
      "provider": "provider[\"registry.terraform.io/ibm-cloud/ibm\"]",
      "instances": [
        {
          "schema_version": 0,
          "attributes": {
            "access_tags": [],
            "available_ipv4_address_count": 4,
            "crn": "crn:v1:bluemix:public:is:br-sao-1:a/dd38434108cf46bfa9849bbaa8c80aac::subnet:02t7-ddffa7cb-40d8-4a70-9075-0005851b92af",
            "id": "02t7-ddffa7cb-40d8-4a70-9075-0005851b92af",
            "identifier": "02t7-ddffa7cb-40d8-4a70-9075-0005851b92af",
            "ipv4_cidr_block": "172.21.196.0/27",
            "name": "vpc-subnet-br-sao-dc1-ti-nprod-sbnt",
            "network_acl": "r042-843a22d9-2b16-4dbe-85d1-d8420bf4ab5f",
            "public_gateway": "",
            "resource_controller_url": "https://cloud.ibm.com/vpc-ext/network/subnets",
            "resource_crn": "crn:v1:bluemix:public:is:br-sao-1:a/dd38434108cf46bfa9849bbaa8c80aac::subnet:02t7-ddffa7cb-40d8-4a70-9075-0005851b92af",
            "resource_group": "c614fb3fa03847269c5319ac3a197e04",
            "resource_group_name": "RG-Tadeu",
            "resource_name": "vpc-subnet-br-sao-dc1-ti-nprod-sbnt",
            "resource_status": "available",
            "routing_table": [
              {
                "deleted": [],
                "href": "https://br-sao.iaas.cloud.ibm.com/v1/vpcs/r042-37c7456f-c95c-4d85-bcc1-1b4ca25c1efb/routing_tables/r042-7d62034e-4ed2-4635-a53c-851e6db03b15",
                "id": "r042-7d62034e-4ed2-4635-a53c-851e6db03b15",
                "name": "routing-table-br-sao-1-corp-ti-nprod-sbnt",
                "resource_type": "routing_table"
              }
            ],
            "status": "available",
            "tags": [
              "magal"
            ],
            "total_ipv4_address_count": 32,
            "vpc": "r042-37c7456f-c95c-4d85-bcc1-1b4ca25c1efb",
            "vpc_name": "vpc-bradesco-corp-ti",
            "zone": "br-sao-1"
          },
          "sensitive_attributes": []
        }
      ]
    },
    {
      "mode": "data",
      "type": "ibm_resource_group",
      "name": "group",
      "provider": "provider[\"registry.terraform.io/ibm-cloud/ibm\"]",
      "instances": [
        {
          "schema_version": 0,
          "attributes": {
            "account_id": "dd38434108cf46bfa9849bbaa8c80aac",
            "created_at": "2021-10-25T10:35:47.829Z",
            "crn": "crn:v1:bluemix:public:resource-controller::a/dd38434108cf46bfa9849bbaa8c80aac::resource-group:c614fb3fa03847269c5319ac3a197e04",
            "id": "c614fb3fa03847269c5319ac3a197e04",
            "is_default": false,
            "name": "RG-Tadeu",
            "payment_methods_url": null,
            "quota_id": "a3d7b8d01e261c24677937c29ab33f3c",
            "quota_url": "/v2/quota_definitions/a3d7b8d01e261c24677937c29ab33f3c",
            "resource_linkages": [],
            "state": "ACTIVE",
            "teams_url": null,
            "updated_at": "2021-10-25T10:35:47.829Z"
          },
          "sensitive_attributes": []
        }
      ]
    },
    {
      "mode": "data",
      "type": "template_file",
      "name": "user_data",
      "provider": "provider[\"registry.terraform.io/hashicorp/template\"]",
      "instances": [
        {
          "schema_version": 0,
          "attributes": {
            "filename": null,
            "id": "73968924b55d0a8cec354a5c3ac13ae95e91125475786db6907d95973941bee2",
            "rendered": "#cloud-config\nchpasswd:\n  expire: false\n  list: |\n    admin:Dqn50vnc#\ntmos_dhcpv4_tmm:\n  enabled: true\n  rd_enabled: false\n  icontrollx_trusted_sources: false\n  inject_routes: true\n  configsync_interface: 1.1\n  default_route_interface: 1.2\n  dhcp_timeout: 120\n  dhcpv4_options:\n    mgmt:\n      host-name: f5-ve-01-vni-02\n      domain-name: local\n    '1.2':\n      routers: 172.21.196.1\n  do_enabled: true \n  do_declaration: null\n  do_declaration_url: null\n  as3_enabled: true\n  as3_declaration_url: null\n  ts_enabled: true\n  ts_declaration_url: null\n  phone_home_url: null\n  phone_home_url_verify_tls: false\n  phone_home_url_metadata:\n    template_source: f5devcentral/ibmcloud_schematics_bigip_multinic_declared\n    template_version: 20210201\n    zone: br-sao-1\n    vpc: r042-37c7456f-c95c-4d85-bcc1-1b4ca25c1efb\n    app_id: undefined\n  tgactive_url: null\n  tgstandby_url: null\n  tgrefresh_url: null\n  ",
            "template": "#cloud-config\nchpasswd:\n  expire: false\n  list: |\n    admin:${tmos_admin_password}\ntmos_dhcpv4_tmm:\n  enabled: true\n  rd_enabled: false\n  icontrollx_trusted_sources: false\n  inject_routes: true\n  configsync_interface: ${configsync_interface}\n  default_route_interface: ${default_route_interface}\n  dhcp_timeout: 120\n  dhcpv4_options:\n    mgmt:\n      host-name: ${hostname}\n      domain-name: ${domain}\n    '${default_route_interface}':\n      routers: ${default_route_gateway}\n  do_enabled: true \n  do_declaration: ${do_local_declaration}\n  do_declaration_url: ${do_declaration_url}\n  as3_enabled: true\n  as3_declaration_url: ${as3_declaration_url}\n  ts_enabled: true\n  ts_declaration_url: ${ts_declaration_url}\n  phone_home_url: ${phone_home_url}\n  phone_home_url_verify_tls: false\n  phone_home_url_metadata:\n    template_source: ${template_source}\n    template_version: ${template_version}\n    zone: ${zone}\n    vpc: ${vpc}\n    app_id: ${app_id}\n  tgactive_url: ${tgactive_url}\n  tgstandby_url: ${tgstandby_url}\n  tgrefresh_url: ${tgrefresh_url}\n  ",
            "vars": {
              "app_id": "undefined",
              "as3_declaration_url": "null",
              "configsync_interface": "1.1",
              "default_route_gateway": "172.21.196.1",
              "default_route_interface": "1.2",
              "do_declaration_url": "null",
              "do_local_declaration": "null",
              "domain": "local",
              "hostname": "f5-ve-01-vni-02",
              "phone_home_url": "null",
              "template_source": "f5devcentral/ibmcloud_schematics_bigip_multinic_declared",
              "template_version": "20210201",
              "tgactive_url": "null",
              "tgrefresh_url": "null",
              "tgstandby_url": "null",
              "tmos_admin_password": "Dqn50vnc#",
              "ts_declaration_url": "null",
              "vpc": "r042-37c7456f-c95c-4d85-bcc1-1b4ca25c1efb",
              "zone": "br-sao-1"
            }
          },
          "sensitive_attributes": [
            [
              {
                "type": "get_attr",
                "value": "vars"
              },
              {
                "type": "index",
                "value": {
                  "value": "tmos_admin_password",
                  "type": "string"
                }
              }
            ]
          ]
        }
      ]
    },
    {
      "mode": "managed",
      "type": "ibm_is_instance",
      "name": "f5_ve_instance",
      "provider": "provider[\"registry.terraform.io/ibm-cloud/ibm\"]",
      "instances": [
        {
          "schema_version": 0,
          "attributes": {
            "access_tags": [],
            "action": null,
            "auto_delete_volume": null,
            "availability_policy_host_failure": "restart",
            "bandwidth": 8000,
            "boot_volume": [
              {
                "auto_delete_volume": true,
                "encryption": "",
                "iops": 3000,
                "name": "molecular-vault-palmtree-engross",
                "profile": "general-purpose",
                "size": 54,
                "snapshot": "",
                "tags": [],
                "volume_id": "r042-b5b3575e-9d77-47d4-b77c-4500763bb13c"
              }
            ],
            "catalog_offering": [],
            "crn": "crn:v1:bluemix:public:is:br-sao-1:a/dd38434108cf46bfa9849bbaa8c80aac::instance:02t7_bc149ff5-95fe-4940-b409-23deeba90f61",
            "dedicated_host": null,
            "dedicated_host_group": null,
            "default_trusted_profile_auto_link": null,
            "default_trusted_profile_target": null,
            "disks": [],
            "force_action": false,
            "force_recovery_time": null,
            "gpu": [],
            "id": "02t7_bc149ff5-95fe-4940-b409-23deeba90f61",
            "image": "r042-1a86702d-05ee-400a-a611-433b40b8cba5",
            "instance_template": null,
            "keys": [
              "r042-c87f17a2-3780-4511-aa1f-4a60cfa6ca67"
            ],
            "lifecycle_reasons": [],
            "lifecycle_state": "stable",
            "memory": 8,
            "metadata_service": [
              {
                "enabled": false,
                "protocol": "http",
                "response_hop_limit": 1
              }
            ],
            "metadata_service_enabled": false,
            "name": "f5-ve-01-vni-02",
            "network_attachments": [],
            "network_interfaces": [],
            "numa_count": 2,
            "placement_group": null,
            "placement_target": [],
            "primary_network_attachment": [
              {
                "deleted": [],
                "href": "https://br-sao.iaas.cloud.ibm.com/v1/instances/02t7_bc149ff5-95fe-4940-b409-23deeba90f61/network_attachments/02t7-aefae8a8-da00-496a-9690-4aaab85ea00b",
                "id": "02t7-aefae8a8-da00-496a-9690-4aaab85ea00b",
                "name": "management",
                "resource_type": "instance_network_attachment",
                "virtual_network_interface": [
                  {
                    "allow_ip_spoofing": false,
                    "auto_delete": false,
                    "enable_infrastructure_nat": true,
                    "id": "02t7-af00d73d-ccc9-44a1-bb62-44f2f2517cff",
                    "ips": [],
                    "name": "f5-vni-mgmt-if",
                    "primary_ip": [
                      {
                        "address": "172.21.196.19",
                        "auto_delete": true,
                        "deleted": [],
                        "href": "https://br-sao.iaas.cloud.ibm.com/v1/subnets/02t7-ddffa7cb-40d8-4a70-9075-0005851b92af/reserved_ips/02t7-572c29cb-ff89-4616-b6a6-3695464aa1f3",
                        "name": "mgmt-ip-02",
                        "reserved_ip": "02t7-572c29cb-ff89-4616-b6a6-3695464aa1f3",
                        "resource_type": "subnet_reserved_ip"
                      }
                    ],
                    "resource_group": "c614fb3fa03847269c5319ac3a197e04",
                    "resource_type": "virtual_network_interface",
                    "security_groups": [
                      "r042-f2e9f449-6201-4c76-bf41-7cbb4e00a38b"
                    ],
                    "subnet": "02t7-ddffa7cb-40d8-4a70-9075-0005851b92af"
                  }
                ]
              }
            ],
            "primary_network_interface": [
              {
                "allow_ip_spoofing": false,
                "id": "02t7-aefae8a8-da00-496a-9690-4aaab85ea00b",
                "name": "management",
                "port_speed": 6000,
                "primary_ip": [
                  {
                    "address": "172.21.196.19",
                    "auto_delete": false,
                    "href": "https://br-sao.iaas.cloud.ibm.com/v1/subnets/02t7-ddffa7cb-40d8-4a70-9075-0005851b92af/reserved_ips/02t7-572c29cb-ff89-4616-b6a6-3695464aa1f3",
                    "name": "mgmt-ip-02",
                    "reserved_ip": "02t7-572c29cb-ff89-4616-b6a6-3695464aa1f3",
                    "resource_type": "subnet_reserved_ip"
                  }
                ],
                "primary_ipv4_address": "172.21.196.19",
                "security_groups": [
                  "r042-f2e9f449-6201-4c76-bf41-7cbb4e00a38b"
                ],
                "subnet": "02t7-ddffa7cb-40d8-4a70-9075-0005851b92af"
              }
            ],
            "profile": "cx2-4x8",
            "reservation": [],
            "reservation_affinity": [
              {
                "policy": "disabled",
                "pool": []
              }
            ],
            "resource_controller_url": "https://cloud.ibm.com/vpc-ext/compute/vs",
            "resource_crn": "crn:v1:bluemix:public:is:br-sao-1:a/dd38434108cf46bfa9849bbaa8c80aac::instance:02t7_bc149ff5-95fe-4940-b409-23deeba90f61",
            "resource_group": "c614fb3fa03847269c5319ac3a197e04",
            "resource_group_name": "RG-Tadeu",
            "resource_name": "f5-ve-01-vni-02",
            "resource_status": "running",
            "status": "running",
            "status_reasons": [],
            "tags": [],
            "timeouts": {
              "create": "60m",
              "delete": "120m",
              "update": null
            },
            "total_network_bandwidth": 6000,
            "total_volume_bandwidth": 2000,
            "user_data": "#cloud-config\nchpasswd:\n  expire: false\n  list: |\n    admin:Dqn50vnc#\ntmos_dhcpv4_tmm:\n  enabled: true\n  rd_enabled: false\n  icontrollx_trusted_sources: false\n  inject_routes: true\n  configsync_interface: 1.1\n  default_route_interface: 1.2\n  dhcp_timeout: 120\n  dhcpv4_options:\n    mgmt:\n      host-name: f5-ve-01-vni-02\n      domain-name: local\n    '1.2':\n      routers: 172.21.196.1\n  do_enabled: true \n  do_declaration: null\n  do_declaration_url: null\n  as3_enabled: true\n  as3_declaration_url: null\n  ts_enabled: true\n  ts_declaration_url: null\n  phone_home_url: null\n  phone_home_url_verify_tls: false\n  phone_home_url_metadata:\n    template_source: f5devcentral/ibmcloud_schematics_bigip_multinic_declared\n    template_version: 20210201\n    zone: br-sao-1\n    vpc: r042-37c7456f-c95c-4d85-bcc1-1b4ca25c1efb\n    app_id: undefined\n  tgactive_url: null\n  tgstandby_url: null\n  tgrefresh_url: null\n  ",
            "vcpu": [
              {
                "architecture": "amd64",
                "count": 4,
                "manufacturer": "intel"
              }
            ],
            "volume_attachments": [
              {
                "id": "02t7-da0ce604-2e95-4343-a024-570f6e533cf8",
                "name": "pry-shakiness-wasp-plenty",
                "volume_crn": "crn:v1:bluemix:public:is:br-sao-1:a/dd38434108cf46bfa9849bbaa8c80aac::volume:r042-b5b3575e-9d77-47d4-b77c-4500763bb13c",
                "volume_id": "r042-b5b3575e-9d77-47d4-b77c-4500763bb13c",
                "volume_name": "molecular-vault-palmtree-engross"
              }
            ],
            "volumes": null,
            "vpc": "r042-37c7456f-c95c-4d85-bcc1-1b4ca25c1efb",
            "wait_before_delete": true,
            "zone": "br-sao-1"
          },
          "sensitive_attributes": [],
          "private": "eyJlMmJmYjczMC1lY2FhLTExZTYtOGY4OC0zNDM2M2JjN2M0YzAiOnsiY3JlYXRlIjozNjAwMDAwMDAwMDAwLCJkZWxldGUiOjcyMDAwMDAwMDAwMDAsInVwZGF0ZSI6MTgwMDAwMDAwMDAwMH19",
          "dependencies": [
            "data.external.tmos_public_image",
            "data.ibm_is_image.tmos_custom_image",
            "data.ibm_is_instance_profile.instance_profile",
            "data.ibm_is_ssh_key.ssh_pub_key",
            "data.ibm_is_subnet.default_route_subnet",
            "data.ibm_is_subnet.f5_external_subnet",
            "data.ibm_is_subnet.f5_management_subnet",
            "data.ibm_resource_group.group",
            "data.template_file.user_data",
            "ibm_is_security_group.f5_open_sg",
            "ibm_is_security_group_rule.f5_allow_inbound",
            "ibm_is_security_group_rule.f5_allow_outbound",
            "ibm_is_subnet_reserved_ip.rip_vnic_vsi",
            "ibm_is_virtual_network_interface.rip_vnic_vsi",
            "random_password.password",
            "random_uuid.namer"
          ]
        }
      ]
    },
    {
      "mode": "managed",
      "type": "ibm_is_instance_network_attachment",
      "name": "rip_vnic3_vsi",
      "provider": "provider[\"registry.terraform.io/ibm-cloud/ibm\"]",
      "instances": [
        {
          "schema_version": 0,
          "attributes": {
            "created_at": "2024-03-12T20:02:13.000Z",
            "href": "https://br-sao.iaas.cloud.ibm.com/v1/instances/02t7_bc149ff5-95fe-4940-b409-23deeba90f61/network_attachments/02t7-b1dab838-4460-41c6-b021-11e18c018f15",
            "id": "02t7_bc149ff5-95fe-4940-b409-23deeba90f61/02t7-b1dab838-4460-41c6-b021-11e18c018f15",
            "instance": "02t7_bc149ff5-95fe-4940-b409-23deeba90f61",
            "lifecycle_state": "stable",
            "name": "external",
            "network_attachment": "02t7-b1dab838-4460-41c6-b021-11e18c018f15",
            "port_speed": 3000,
            "resource_type": "instance_network_attachment",
            "type": "secondary",
            "virtual_network_interface": [
              {
                "allow_ip_spoofing": true,
                "auto_delete": false,
                "enable_infrastructure_nat": true,
                "id": "02t7-6a150467-8011-4179-9c40-e0d75525fdb1",
                "ips": [],
                "name": "f5-vni-ext-if",
                "primary_ip": [
                  {
                    "address": "172.21.196.25",
                    "auto_delete": true,
                    "deleted": [],
                    "href": "https://br-sao.iaas.cloud.ibm.com/v1/subnets/02t7-ddffa7cb-40d8-4a70-9075-0005851b92af/reserved_ips/02t7-bd0c6875-5113-44aa-8c43-eba159eee016",
                    "name": "external-ip-02",
                    "reserved_ip": "02t7-bd0c6875-5113-44aa-8c43-eba159eee016",
                    "resource_type": "subnet_reserved_ip"
                  }
                ],
                "resource_group": "c614fb3fa03847269c5319ac3a197e04",
                "resource_type": "virtual_network_interface",
                "security_groups": [
                  "r042-f2e9f449-6201-4c76-bf41-7cbb4e00a38b"
                ],
                "subnet": "02t7-ddffa7cb-40d8-4a70-9075-0005851b92af"
              }
            ]
          },
          "sensitive_attributes": [],
          "private": "bnVsbA==",
          "dependencies": [
            "data.external.tmos_public_image",
            "data.ibm_is_image.tmos_custom_image",
            "data.ibm_is_instance_profile.instance_profile",
            "data.ibm_is_ssh_key.ssh_pub_key",
            "data.ibm_is_subnet.default_route_subnet",
            "data.ibm_is_subnet.f5_external_subnet",
            "data.ibm_is_subnet.f5_management_subnet",
            "data.ibm_resource_group.group",
            "data.template_file.user_data",
            "ibm_is_instance.f5_ve_instance",
            "ibm_is_security_group.f5_open_sg",
            "ibm_is_security_group_rule.f5_allow_inbound",
            "ibm_is_security_group_rule.f5_allow_outbound",
            "ibm_is_subnet_reserved_ip.rip_vnic3_vsi",
            "ibm_is_subnet_reserved_ip.rip_vnic_vsi",
            "ibm_is_virtual_network_interface.rip_vnic3_vsi",
            "ibm_is_virtual_network_interface.rip_vnic_vsi",
            "random_password.password",
            "random_uuid.namer"
          ]
        }
      ]
    },
    {
      "mode": "managed",
      "type": "ibm_is_security_group",
      "name": "f5_open_sg",
      "provider": "provider[\"registry.terraform.io/ibm-cloud/ibm\"]",
      "instances": [
        {
          "schema_version": 0,
          "attributes": {
            "access_tags": [],
            "crn": "crn:v1:bluemix:public:is:br-sao:a/dd38434108cf46bfa9849bbaa8c80aac::security-group:r042-e2ae9860-4f6b-4ec8-b013-dcb4b0a7ccc3",
            "id": "r042-e2ae9860-4f6b-4ec8-b013-dcb4b0a7ccc3",
            "name": "sg-431a95b3-1ce1-2485-894e-ab35899d147b",
            "resource_controller_url": "https://cloud.ibm.com/vpc-ext/network/securityGroups",
            "resource_crn": "crn:v1:bluemix:public:is:br-sao:a/dd38434108cf46bfa9849bbaa8c80aac::security-group:r042-e2ae9860-4f6b-4ec8-b013-dcb4b0a7ccc3",
            "resource_group": "c614fb3fa03847269c5319ac3a197e04",
            "resource_group_name": "RG-Tadeu",
            "resource_name": "sg-431a95b3-1ce1-2485-894e-ab35899d147b",
            "rules": [
              {
                "code": 0,
                "direction": "inbound",
                "ip_version": "ipv4",
                "port_max": 0,
                "port_min": 0,
                "protocol": "all",
                "remote": "0.0.0.0/0",
                "type": 0
              },
              {
                "code": 0,
                "direction": "outbound",
                "ip_version": "ipv4",
                "port_max": 0,
                "port_min": 0,
                "protocol": "all",
                "remote": "0.0.0.0/0",
                "type": 0
              }
            ],
            "tags": [],
            "timeouts": null,
            "vpc": "r042-37c7456f-c95c-4d85-bcc1-1b4ca25c1efb"
          },
          "sensitive_attributes": [],
          "private": "eyJlMmJmYjczMC1lY2FhLTExZTYtOGY4OC0zNDM2M2JjN2M0YzAiOnsiY3JlYXRlIjo2MDAwMDAwMDAwMDAsImRlbGV0ZSI6NjAwMDAwMDAwMDAwfX0=",
          "dependencies": [
            "data.ibm_is_subnet.f5_management_subnet",
            "random_uuid.namer"
          ]
        }
      ]
    },
    {
      "mode": "managed",
      "type": "ibm_is_security_group_rule",
      "name": "f5_allow_inbound",
      "provider": "provider[\"registry.terraform.io/ibm-cloud/ibm\"]",
      "instances": [
        {
          "schema_version": 0,
          "attributes": {
            "direction": "inbound",
            "group": "r042-e2ae9860-4f6b-4ec8-b013-dcb4b0a7ccc3",
            "icmp": [],
            "id": "r042-e2ae9860-4f6b-4ec8-b013-dcb4b0a7ccc3.r042-f6614547-72e0-42a4-be98-f7df3d4e0d49",
            "ip_version": "ipv4",
            "protocol": "all",
            "related_crn": "crn:v1:bluemix:public:is:br-sao:a/dd38434108cf46bfa9849bbaa8c80aac::security-group:r042-e2ae9860-4f6b-4ec8-b013-dcb4b0a7ccc3",
            "remote": "0.0.0.0/0",
            "rule_id": "r042-f6614547-72e0-42a4-be98-f7df3d4e0d49",
            "tcp": [],
            "udp": []
          },
          "sensitive_attributes": [],
          "private": "bnVsbA==",
          "dependencies": [
            "data.ibm_is_subnet.f5_management_subnet",
            "ibm_is_security_group.f5_open_sg",
            "random_uuid.namer"
          ]
        }
      ]
    },
    {
      "mode": "managed",
      "type": "ibm_is_security_group_rule",
      "name": "f5_allow_outbound",
      "provider": "provider[\"registry.terraform.io/ibm-cloud/ibm\"]",
      "instances": [
        {
          "schema_version": 0,
          "attributes": {
            "direction": "outbound",
            "group": "r042-e2ae9860-4f6b-4ec8-b013-dcb4b0a7ccc3",
            "icmp": [],
            "id": "r042-e2ae9860-4f6b-4ec8-b013-dcb4b0a7ccc3.r042-ce457aaf-6b3d-4fe4-9dfc-c6b4bc02a0ec",
            "ip_version": "ipv4",
            "protocol": "all",
            "related_crn": "crn:v1:bluemix:public:is:br-sao:a/dd38434108cf46bfa9849bbaa8c80aac::security-group:r042-e2ae9860-4f6b-4ec8-b013-dcb4b0a7ccc3",
            "remote": "0.0.0.0/0",
            "rule_id": "r042-ce457aaf-6b3d-4fe4-9dfc-c6b4bc02a0ec",
            "tcp": [],
            "udp": []
          },
          "sensitive_attributes": [],
          "private": "bnVsbA==",
          "dependencies": [
            "data.ibm_is_subnet.f5_management_subnet",
            "ibm_is_security_group.f5_open_sg",
            "ibm_is_security_group_rule.f5_allow_inbound",
            "random_uuid.namer"
          ]
        }
      ]
    },
    {
      "mode": "managed",
      "type": "ibm_is_subnet_reserved_ip",
      "name": "rip_vnic3_vsi",
      "provider": "provider[\"registry.terraform.io/ibm-cloud/ibm\"]",
      "instances": [
        {
          "schema_version": 0,
          "attributes": {
            "address": "172.21.196.25",
            "auto_delete": false,
            "created_at": "2024-03-12T20:01:38.000Z",
            "href": "https://br-sao.iaas.cloud.ibm.com/v1/subnets/02t7-ddffa7cb-40d8-4a70-9075-0005851b92af/reserved_ips/02t7-bd0c6875-5113-44aa-8c43-eba159eee016",
            "id": "02t7-ddffa7cb-40d8-4a70-9075-0005851b92af/02t7-bd0c6875-5113-44aa-8c43-eba159eee016",
            "lifecycle_state": "stable",
            "name": "external-ip-02",
            "owner": "user",
            "reserved_ip": "02t7-bd0c6875-5113-44aa-8c43-eba159eee016",
            "resource_type": "subnet_reserved_ip",
            "subnet": "02t7-ddffa7cb-40d8-4a70-9075-0005851b92af",
            "target": null,
            "target_crn": null,
            "timeouts": null
          },
          "sensitive_attributes": [],
          "private": "eyJlMmJmYjczMC1lY2FhLTExZTYtOGY4OC0zNDM2M2JjN2M0YzAiOnsiY3JlYXRlIjo2MDAwMDAwMDAwMDAsImRlbGV0ZSI6NjAwMDAwMDAwMDAwfX0="
        }
      ]
    },
    {
      "mode": "managed",
      "type": "ibm_is_subnet_reserved_ip",
      "name": "rip_vnic_vsi",
      "provider": "provider[\"registry.terraform.io/ibm-cloud/ibm\"]",
      "instances": [
        {
          "schema_version": 0,
          "attributes": {
            "address": "172.21.196.19",
            "auto_delete": false,
            "created_at": "2024-03-12T20:01:38.000Z",
            "href": "https://br-sao.iaas.cloud.ibm.com/v1/subnets/02t7-ddffa7cb-40d8-4a70-9075-0005851b92af/reserved_ips/02t7-572c29cb-ff89-4616-b6a6-3695464aa1f3",
            "id": "02t7-ddffa7cb-40d8-4a70-9075-0005851b92af/02t7-572c29cb-ff89-4616-b6a6-3695464aa1f3",
            "lifecycle_state": "stable",
            "name": "mgmt-ip-02",
            "owner": "user",
            "reserved_ip": "02t7-572c29cb-ff89-4616-b6a6-3695464aa1f3",
            "resource_type": "subnet_reserved_ip",
            "subnet": "02t7-ddffa7cb-40d8-4a70-9075-0005851b92af",
            "target": null,
            "target_crn": null,
            "timeouts": null
          },
          "sensitive_attributes": [],
          "private": "eyJlMmJmYjczMC1lY2FhLTExZTYtOGY4OC0zNDM2M2JjN2M0YzAiOnsiY3JlYXRlIjo2MDAwMDAwMDAwMDAsImRlbGV0ZSI6NjAwMDAwMDAwMDAwfX0="
        }
      ]
    },
    {
      "mode": "managed",
      "type": "ibm_is_virtual_network_interface",
      "name": "rip_vnic3_vsi",
      "provider": "provider[\"registry.terraform.io/ibm-cloud/ibm\"]",
      "instances": [
        {
          "schema_version": 0,
          "attributes": {
            "access_tags": [],
            "allow_ip_spoofing": true,
            "auto_delete": false,
            "created_at": "2024-03-12T20:01:52.000Z",
            "crn": "crn:v1:bluemix:public:is:br-sao-1:a/dd38434108cf46bfa9849bbaa8c80aac::virtual-network-interface:02t7-6a150467-8011-4179-9c40-e0d75525fdb1",
            "enable_infrastructure_nat": true,
            "href": "https://br-sao.iaas.cloud.ibm.com/v1/virtual_network_interfaces/02t7-6a150467-8011-4179-9c40-e0d75525fdb1",
            "id": "02t7-6a150467-8011-4179-9c40-e0d75525fdb1",
            "ips": [],
            "lifecycle_state": "stable",
            "mac_address": "02:00:03:0A:4D:C8",
            "name": "f5-vni-ext-if",
            "primary_ip": [
              {
                "address": "172.21.196.25",
                "auto_delete": true,
                "deleted": [],
                "href": "https://br-sao.iaas.cloud.ibm.com/v1/subnets/02t7-ddffa7cb-40d8-4a70-9075-0005851b92af/reserved_ips/02t7-bd0c6875-5113-44aa-8c43-eba159eee016",
                "name": "external-ip-02",
                "reserved_ip": "02t7-bd0c6875-5113-44aa-8c43-eba159eee016",
                "resource_type": "subnet_reserved_ip"
              }
            ],
            "resource_group": "c614fb3fa03847269c5319ac3a197e04",
            "resource_type": "virtual_network_interface",
            "security_groups": [
              "r042-f2e9f449-6201-4c76-bf41-7cbb4e00a38b"
            ],
            "subnet": "02t7-ddffa7cb-40d8-4a70-9075-0005851b92af",
            "tags": [],
            "target": [],
            "timeouts": null,
            "vpc": [
              {
                "crn": "crn:v1:bluemix:public:is:br-sao:a/dd38434108cf46bfa9849bbaa8c80aac::vpc:r042-37c7456f-c95c-4d85-bcc1-1b4ca25c1efb",
                "deleted": [],
                "href": "https://br-sao.iaas.cloud.ibm.com/v1/vpcs/r042-37c7456f-c95c-4d85-bcc1-1b4ca25c1efb",
                "id": "r042-37c7456f-c95c-4d85-bcc1-1b4ca25c1efb",
                "name": "vpc-bradesco-corp-ti",
                "resource_type": "vpc"
              }
            ],
            "zone": "br-sao-1"
          },
          "sensitive_attributes": [],
          "private": "eyJlMmJmYjczMC1lY2FhLTExZTYtOGY4OC0zNDM2M2JjN2M0YzAiOnsiY3JlYXRlIjo2MDAwMDAwMDAwMDAsImRlbGV0ZSI6NjAwMDAwMDAwMDAwLCJ1cGRhdGUiOjYwMDAwMDAwMDAwMH19",
          "dependencies": [
            "data.ibm_resource_group.group",
            "ibm_is_subnet_reserved_ip.rip_vnic3_vsi"
          ]
        }
      ]
    },
    {
      "mode": "managed",
      "type": "ibm_is_virtual_network_interface",
      "name": "rip_vnic_vsi",
      "provider": "provider[\"registry.terraform.io/ibm-cloud/ibm\"]",
      "instances": [
        {
          "schema_version": 0,
          "attributes": {
            "access_tags": [],
            "allow_ip_spoofing": false,
            "auto_delete": false,
            "created_at": "2024-03-12T20:01:52.000Z",
            "crn": "crn:v1:bluemix:public:is:br-sao-1:a/dd38434108cf46bfa9849bbaa8c80aac::virtual-network-interface:02t7-af00d73d-ccc9-44a1-bb62-44f2f2517cff",
            "enable_infrastructure_nat": true,
            "href": "https://br-sao.iaas.cloud.ibm.com/v1/virtual_network_interfaces/02t7-af00d73d-ccc9-44a1-bb62-44f2f2517cff",
            "id": "02t7-af00d73d-ccc9-44a1-bb62-44f2f2517cff",
            "ips": [],
            "lifecycle_state": "stable",
            "mac_address": "02:00:02:0A:4D:C8",
            "name": "f5-vni-mgmt-if",
            "primary_ip": [
              {
                "address": "172.21.196.19",
                "auto_delete": true,
                "deleted": [],
                "href": "https://br-sao.iaas.cloud.ibm.com/v1/subnets/02t7-ddffa7cb-40d8-4a70-9075-0005851b92af/reserved_ips/02t7-572c29cb-ff89-4616-b6a6-3695464aa1f3",
                "name": "mgmt-ip-02",
                "reserved_ip": "02t7-572c29cb-ff89-4616-b6a6-3695464aa1f3",
                "resource_type": "subnet_reserved_ip"
              }
            ],
            "resource_group": "c614fb3fa03847269c5319ac3a197e04",
            "resource_type": "virtual_network_interface",
            "security_groups": [
              "r042-f2e9f449-6201-4c76-bf41-7cbb4e00a38b"
            ],
            "subnet": "02t7-ddffa7cb-40d8-4a70-9075-0005851b92af",
            "tags": [],
            "target": [],
            "timeouts": null,
            "vpc": [
              {
                "crn": "crn:v1:bluemix:public:is:br-sao:a/dd38434108cf46bfa9849bbaa8c80aac::vpc:r042-37c7456f-c95c-4d85-bcc1-1b4ca25c1efb",
                "deleted": [],
                "href": "https://br-sao.iaas.cloud.ibm.com/v1/vpcs/r042-37c7456f-c95c-4d85-bcc1-1b4ca25c1efb",
                "id": "r042-37c7456f-c95c-4d85-bcc1-1b4ca25c1efb",
                "name": "vpc-bradesco-corp-ti",
                "resource_type": "vpc"
              }
            ],
            "zone": "br-sao-1"
          },
          "sensitive_attributes": [],
          "private": "eyJlMmJmYjczMC1lY2FhLTExZTYtOGY4OC0zNDM2M2JjN2M0YzAiOnsiY3JlYXRlIjo2MDAwMDAwMDAwMDAsImRlbGV0ZSI6NjAwMDAwMDAwMDAwLCJ1cGRhdGUiOjYwMDAwMDAwMDAwMH19",
          "dependencies": [
            "data.ibm_resource_group.group",
            "ibm_is_subnet_reserved_ip.rip_vnic_vsi"
          ]
        }
      ]
    },
    {
      "mode": "managed",
      "type": "random_password",
      "name": "password",
      "provider": "provider[\"registry.terraform.io/hashicorp/random\"]",
      "instances": [
        {
          "schema_version": 3,
          "attributes": {
            "bcrypt_hash": "$2a$10$d1hfx5exnD2TAGotYuiqu.gBjd2zyJJ/SHVhYDCnVtN6quN2epBOW",
            "id": "none",
            "keepers": null,
            "length": 16,
            "lower": true,
            "min_lower": 0,
            "min_numeric": 0,
            "min_special": 0,
            "min_upper": 0,
            "number": true,
            "numeric": true,
            "override_special": "_%@",
            "result": "@H_zxrw7ZalVXKUX",
            "special": true,
            "upper": true
          },
          "sensitive_attributes": []
        }
      ]
    },
    {
      "mode": "managed",
      "type": "random_uuid",
      "name": "namer",
      "provider": "provider[\"registry.terraform.io/hashicorp/random\"]",
      "instances": [
        {
          "schema_version": 0,
          "attributes": {
            "id": "431a95b3-1ce1-2485-894e-ab35899d147b",
            "keepers": null,
            "result": "431a95b3-1ce1-2485-894e-ab35899d147b"
          },
          "sensitive_attributes": []
        }
      ]
    }
  ],
  "check_results": [
    {
      "object_kind": "var",
      "config_addr": "var.tmos_type",
      "status": "pass",
      "objects": [
        {
          "object_addr": "var.tmos_type",
          "status": "pass"
        }
      ]
    }
  ]
}
